github.com/Go-Forensics/BinaryTransforms v1.3.0 h1:7QxPY+MgBuqfcC2O2Lt4Gs0w5zcI3fNsxidWCHTnHUo=
github.com/Go-Forensics/BinaryTransforms v1.3.0/go.mod h1:h6SgZED9bSpdnia5KUjZcR803Zfe/mBdLHH8pejboxQ=
github.com/Go-Forensics/BinaryTransforms v1.3.1/go.mod h1:h6SgZED9bSpdnia5KUjZcR803Zfe/mBdLHH8pejboxQ=
