github.com/AlecRandazzo/BinaryTransforms v1.0.0 h1:h4dogKp5T1LxmoFpma55IrwTSzU2BVMkVMLLyQ0TqeM=
github.com/AlecRandazzo/BinaryTransforms v1.0.0/go.mod h1:p0sGPegukTORiA0dnK5JuHEYTFWDvo+aR4PnUPB7OTk=
github.com/AlecRandazzo/BinaryTransforms v1.2.0 h1:HPc49zFQ+25DpbeI6EGTPAVb+YrcltEGUCqKHtBxETw=
github.com/AlecRandazzo/BinaryTransforms v1.2.0/go.mod h1:j5jUHxbnBatH1AQsl3ISFaXdCKBtIIGAbtanaLHcnr0=
